// !$*UTF8*$!
{
	archiveVersion = 1;
	classes = {
	};
	objectVersion = 50;
	objects = {

/* Begin PBXBuildFile section */
		253025BA23BEC60600160C80 /* AppDelegate.swift in Sources */ = {isa = PBXBuildFile; fileRef = 253025B923BEC60600160C80 /* AppDelegate.swift */; };
		253025BC23BEC60600160C80 /* SceneDelegate.swift in Sources */ = {isa = PBXBuildFile; fileRef = 253025BB23BEC60600160C80 /* SceneDelegate.swift */; };
		253025BE23BEC60600160C80 /* ContentView.swift in Sources */ = {isa = PBXBuildFile; fileRef = 253025BD23BEC60600160C80 /* ContentView.swift */; };
		253025C023BEC60900160C80 /* Assets.xcassets in Resources */ = {isa = PBXBuildFile; fileRef = 253025BF23BEC60900160C80 /* Assets.xcassets */; };
		253025C323BEC60900160C80 /* Preview Assets.xcassets in Resources */ = {isa = PBXBuildFile; fileRef = 253025C223BEC60900160C80 /* Preview Assets.xcassets */; };
		253025C623BEC60900160C80 /* LaunchScreen.storyboard in Resources */ = {isa = PBXBuildFile; fileRef = 253025C423BEC60900160C80 /* LaunchScreen.storyboard */; };
		253025CE23BECDD400160C80 /* AddView.swift in Sources */ = {isa = PBXBuildFile; fileRef = 253025CD23BECDD400160C80 /* AddView.swift */; };
		253025D023BF36E000160C80 /* DetailView.swift in Sources */ = {isa = PBXBuildFile; fileRef = 253025CF23BF36DF00160C80 /* DetailView.swift */; };
/* End PBXBuildFile section */

/* Begin PBXFileReference section */
		253025B623BEC60600160C80 /* Habit-Tracking.app */ = {isa = PBXFileReference; explicitFileType = wrapper.application; includeInIndex = 0; path = "Habit-Tracking.app"; sourceTree = BUILT_PRODUCTS_DIR; };
		253025B923BEC60600160C80 /* AppDelegate.swift */ = {isa = PBXFileReference; lastKnownFileType = sourcecode.swift; path = AppDelegate.swift; sourceTree = "<group>"; };
		253025BB23BEC60600160C80 /* SceneDelegate.swift */ = {isa = PBXFileReference; lastKnownFileType = sourcecode.swift; path = SceneDelegate.swift; sourceTree = "<group>"; };
		253025BD23BEC60600160C80 /* ContentView.swift */ = {isa = PBXFileReference; lastKnownFileType = sourcecode.swift; path = ContentView.swift; sourceTree = "<group>"; };
		253025BF23BEC60900160C80 /* Assets.xcassets */ = {isa = PBXFileReference; lastKnownFileType = folder.assetcatalog; path = Assets.xcassets; sourceTree = "<group>"; };
		253025C223BEC60900160C80 /* Preview Assets.xcassets */ = {isa = PBXFileReference; lastKnownFileType = folder.assetcatalog; path = "Preview Assets.xcassets"; sourceTree = "<group>"; };
		253025C523BEC60900160C80 /* Base */ = {isa = PBXFileReference; lastKnownFileType = file.storyboard; name = Base; path = Base.lproj/LaunchScreen.storyboard; sourceTree = "<group>"; };
		253025C723BEC60900160C80 /* Info.plist */ = {isa = PBXFileReference; lastKnownFileType = text.plist.xml; path = Info.plist; sourceTree = "<group>"; };
		253025CD23BECDD400160C80 /* AddView.swift */ = {isa = PBXFileReference; lastKnownFileType = sourcecode.swift; path = AddView.swift; sourceTree = "<group>"; };
		253025CF23BF36DF00160C80 /* DetailView.swift */ = {isa = PBXFileReference; lastKnownFileType = sourcecode.swift; path = DetailView.swift; sourceTree = "<group>"; };
/* End PBXFileReference section */

/* Begin PBXFrameworksBuildPhase section */
		253025B323BEC60600160C80 /* Frameworks */ = {
			isa = PBXFrameworksBuildPhase;
			buildActionMask = 2147483647;
			files = (
			);
			runOnlyForDeploymentPostprocessing = 0;
		};
/* End PBXFrameworksBuildPhase section */

/* Begin PBXGroup section */
		253025AD23BEC60600160C80 = {
			isa = PBXGroup;
			children = (
				253025B823BEC60600160C80 /* Habit-Tracking */,
				253025B723BEC60600160C80 /* Products */,
			);
			sourceTree = "<group>";
		};
		253025B723BEC60600160C80 /* Products */ = {
			isa = PBXGroup;
			children = (
				253025B623BEC60600160C80 /* Habit-Tracking.app */,
			);
			name = Products;
			sourceTree = "<group>";
		};
		253025B823BEC60600160C80 /* Habit-Tracking */ = {
			isa = PBXGroup;
			children = (
				253025B923BEC60600160C80 /* AppDelegate.swift */,
				253025BB23BEC60600160C80 /* SceneDelegate.swift */,
				253025BD23BEC60600160C80 /* ContentView.swift */,
				253025CD23BECDD400160C80 /* AddView.swift */,
				253025CF23BF36DF00160C80 /* DetailView.swift */,
				253025BF23BEC60900160C80 /* Assets.xcassets */,
				253025C423BEC60900160C80 /* LaunchScreen.storyboard */,
				253025C723BEC60900160C80 /* Info.plist */,
				253025C123BEC60900160C80 /* Preview Content */,
			);
			path = "Habit-Tracking";
			sourceTree = "<group>";
		};
		253025C123BEC60900160C80 /* Preview Content */ = {
			isa = PBXGroup;
			children = (
				253025C223BEC60900160C80 /* Preview Assets.xcassets */,
			);
			path = "Preview Content";
			sourceTree = "<group>";
		};
/* End PBXGroup section */

/* Begin PBXNativeTarget section */
		253025B523BEC60600160C80 /* Habit-Tracking */ = {
			isa = PBXNativeTarget;
			buildConfigurationList = 253025CA23BEC60900160C80 /* Build configuration list for PBXNativeTarget "Habit-Tracking" */;
			buildPhases = (
				253025B223BEC60600160C80 /* Sources */,
				253025B323BEC60600160C80 /* Frameworks */,
				253025B423BEC60600160C80 /* Resources */,
			);
			buildRules = (
			);
			dependencies = (
			);
			name = "Habit-Tracking";
			productName = "Habit-Tracking";
			productReference = 253025B623BEC60600160C80 /* Habit-Tracking.app */;
			productType = "com.apple.product-type.application";
		};
/* End PBXNativeTarget section */

/* Begin PBXProject section */
		253025AE23BEC60600160C80 /* Project object */ = {
			isa = PBXProject;
			attributes = {
				LastSwiftUpdateCheck = 1130;
				LastUpgradeCheck = 1130;
				ORGANIZATIONNAME = Davron;
				TargetAttributes = {
					253025B523BEC60600160C80 = {
						CreatedOnToolsVersion = 11.3;
					};
				};
			};
			buildConfigurationList = 253025B123BEC60600160C80 /* Build configuration list for PBXProject "Habit-Tracking" */;
			compatibilityVersion = "Xcode 9.3";
			developmentRegion = en;
			hasScannedForEncodings = 0;
			knownRegions = (
				en,
				Base,
			);
			mainGroup = 253025AD23BEC60600160C80;
			productRefGroup = 253025B723BEC60600160C80 /* Products */;
			projectDirPath = "";
			projectRoot = "";
			targets = (
				253025B523BEC60600160C80 /* Habit-Tracking */,
			);
		};
/* End PBXProject section */

/* Begin PBXResourcesBuildPhase section */
		253025B423BEC60600160C80 /* Resources */ = {
			isa = PBXResourcesBuildPhase;
			buildActionMask = 2147483647;
			files = (
				253025C623BEC60900160C80 /* LaunchScreen.storyboard in Resources */,
				253025C323BEC60900160C80 /* Preview Assets.xcassets in Resources */,
				253025C023BEC60900160C80 /* Assets.xcassets in Resources */,
			);
			runOnlyForDeploymentPostprocessing = 0;
		};
/* End PBXResourcesBuildPhase section */

/* Begin PBXSourcesBuildPhase section */
		253025B223BEC60600160C80 /* Sources */ = {
			isa = PBXSourcesBuildPhase;
			buildActionMask = 2147483647;
			files = (
				253025CE23BECDD400160C80 /* AddView.swift in Sources */,
				253025BA23BEC60600160C80 /* AppDelegate.swift in Sources */,
				253025BC23BEC60600160C80 /* SceneDelegate.swift in Sources */,
				253025D023BF36E000160C80 /* DetailView.swift in Sources */,
				253025BE23BEC60600160C80 /* ContentView.swift in Sources */,
			);
			runOnlyForDeploymentPostprocessing = 0;
		};
/* End PBXSourcesBuildPhase section */

/* Begin PBXVariantGroup section */
		253025C423BEC60900160C80 /* LaunchScreen.storyboard */ = {
			isa = PBXVariantGroup;
			children = (
				253025C523BEC60900160C80 /* Base */,
			);
			name = LaunchScreen.storyboard;
			sourceTree = "<group>";
		};
/* End PBXVariantGroup section */

/* Begin XCBuildConfiguration section */
		253025C823BEC60900160C80 /* Debug */ = {
			isa = XCBuildConfiguration;
			buildSettings = {
				ALWAYS_SEARCH_USER_PATHS = NO;
				CLANG_ANALYZER_NONNULL = YES;
				CLANG_ANALYZER_NUMBER_OBJECT_CONVERSION = YES_AGGRESSIVE;
				CLANG_CXX_LANGUAGE_STANDARD = "gnu++14";
				CLANG_CXX_LIBRARY = "libc++";
				CLANG_ENABLE_MODULES = YES;
				CLANG_ENABLE_OBJC_ARC = YES;
				CLANG_ENABLE_OBJC_WEAK = YES;
				CLANG_WARN_BLOCK_CAPTURE_AUTORELEASING = YES;
				CLANG_WARN_BOOL_CONVERSION = YES;
				CLANG_WARN_COMMA = YES;
				CLANG_WARN_CONSTANT_CONVERSION = YES;
				CLANG_WARN_DEPRECATED_OBJC_IMPLEMENTATIONS = YES;
				CLANG_WARN_DIRECT_OBJC_ISA_USAGE = YES_ERROR;
				CLANG_WARN_DOCUMENTATION_COMMENTS = YES;
				CLANG_WARN_EMPTY_BODY = YES;
				CLANG_WARN_ENUM_CONVERSION = YES;
				CLANG_WARN_INFINITE_RECURSION = YES;
				CLANG_WARN_INT_CONVERSION = YES;
				CLANG_WARN_NON_LITERAL_NULL_CONVERSION = YES;
				CLANG_WARN_OBJC_IMPLICIT_RETAIN_SELF = YES;
				CLANG_WARN_OBJC_LITERAL_CONVERSION = YES;
				CLANG_WARN_OBJC_ROOT_CLASS = YES_ERROR;
				CLANG_WARN_RANGE_LOOP_ANALYSIS = YES;
				CLANG_WARN_STRICT_PROTOTYPES = YES;
				CLANG_WARN_SUSPICIOUS_MOVE = YES;
				CLANG_WARN_UNGUARDED_AVAILABILITY = YES_AGGRESSIVE;
				CLANG_WARN_UNREACHABLE_CODE = YES;
				CLANG_WARN__DUPLICATE_METHOD_MATCH = YES;
				COPY_PHASE_STRIP = NO;
				DEBUG_INFORMATION_FORMAT = dwarf;
				ENABLE_STRICT_OBJC_MSGSEND = YES;
				ENABLE_TESTABILITY = YES;
				GCC_C_LANGUAGE_STANDARD = gnu11;
				GCC_DYNAMIC_NO_PIC = NO;
				GCC_NO_COMMON_BLOCKS = YES;
				GCC_OPTIMIZATION_LEVEL = 0;
				GCC_PREPROCESSOR_DEFINITIONS = (
					"DEBUG=1",
					"$(inherited)",
				);
				GCC_WARN_64_TO_32_BIT_CONVERSION = YES;
				GCC_WARN_ABOUT_RETURN_TYPE = YES_ERROR;
				GCC_WARN_UNDECLARED_SELECTOR = YES;
				GCC_WARN_UNINITIALIZED_AUTOS = YES_AGGRESSIVE;
				GCC_WARN_UNUSED_FUNCTION = YES;
				GCC_WARN_UNUSED_VARIABLE = YES;
				IPHONEOS_DEPLOYMENT_TARGET = 13.2;
				MTL_ENABLE_DEBUG_INFO = INCLUDE_SOURCE;
				MTL_FAST_MATH = YES;
				ONLY_ACTIVE_ARCH = YES;
				SDKROOT = iphoneos;
				SWIFT_ACTIVE_COMPILATION_CONDITIONS = DEBUG;
				SWIFT_OPTIMIZATION_LEVEL = "-Onone";
			};
			name = Debug;
		};
		253025C923BEC60900160C80 /* Release */ = {
			isa = XCBuildConfiguration;
			buildSettings = {
				ALWAYS_SEARCH_USER_PATHS = NO;
				CLANG_ANALYZER_NONNULL = YES;
				CLANG_ANALYZER_NUMBER_OBJECT_CONVERSION = YES_AGGRESSIVE;
				CLANG_CXX_LANGUAGE_STANDARD = "gnu++14";
				CLANG_CXX_LIBRARY = "libc++";
				CLANG_ENABLE_MODULES = YES;
				CLANG_ENABLE_OBJC_ARC = YES;
				CLANG_ENABLE_OBJC_WEAK = YES;
				CLANG_WARN_BLOCK_CAPTURE_AUTORELEASING = YES;
				CLANG_WARN_BOOL_CONVERSION = YES;
				CLANG_WARN_COMMA = YES;
				CLANG_WARN_CONSTANT_CONVERSION = YES;
				CLANG_WARN_DEPRECATED_OBJC_IMPLEMENTATIONS = YES;
				CLANG_WARN_DIRECT_OBJC_ISA_USAGE = YES_ERROR;
				CLANG_WARN_DOCUMENTATION_COMMENTS = YES;
				CLANG_WARN_EMPTY_BODY = YES;
				CLANG_WARN_ENUM_CONVERSION = YES;
				CLANG_WARN_INFINITE_RECURSION = YES;
				CLANG_WARN_INT_CONVERSION = YES;
				CLANG_WARN_NON_LITERAL_NULL_CONVERSION = YES;
				CLANG_WARN_OBJC_IMPLICIT_RETAIN_SELF = YES;
				CLANG_WARN_OBJC_LITERAL_CONVERSION = YES;
				CLANG_WARN_OBJC_ROOT_CLASS = YES_ERROR;
				CLANG_WARN_RANGE_LOOP_ANALYSIS = YES;
				CLANG_WARN_STRICT_PROTOTYPES = YES;
				CLANG_WARN_SUSPICIOUS_MOVE = YES;
				CLANG_WARN_UNGUARDED_AVAILABILITY = YES_AGGRESSIVE;
				CLANG_WARN_UNREACHABLE_CODE = YES;
				CLANG_WARN__DUPLICATE_METHOD_MATCH = YES;
				COPY_PHASE_STRIP = NO;
				DEBUG_INFORMATION_FORMAT = "dwarf-with-dsym";
				ENABLE_NS_ASSERTIONS = NO;
				ENABLE_STRICT_OBJC_MSGSEND = YES;
				GCC_C_LANGUAGE_STANDARD = gnu11;
				GCC_NO_COMMON_BLOCKS = YES;
				GCC_WARN_64_TO_32_BIT_CONVERSION = YES;
				GCC_WARN_ABOUT_RETURN_TYPE = YES_ERROR;
				GCC_WARN_UNDECLARED_SELECTOR = YES;
				GCC_WARN_UNINITIALIZED_AUTOS = YES_AGGRESSIVE;
				GCC_WARN_UNUSED_FUNCTION = YES;
				GCC_WARN_UNUSED_VARIABLE = YES;
				IPHONEOS_DEPLOYMENT_TARGET = 13.2;
				MTL_ENABLE_DEBUG_INFO = NO;
				MTL_FAST_MATH = YES;
				SDKROOT = iphoneos;
				SWIFT_COMPILATION_MODE = wholemodule;
				SWIFT_OPTIMIZATION_LEVEL = "-O";
				VALIDATE_PRODUCT = YES;
			};
			name = Release;
		};
		253025CB23BEC60900160C80 /* Debug */ = {
			isa = XCBuildConfiguration;
			buildSettings = {
				ASSETCATALOG_COMPILER_APPICON_NAME = AppIcon;
				CODE_SIGN_STYLE = Automatic;
				DEVELOPMENT_ASSET_PATHS = "\"Habit-Tracking/Preview Content\"";
				DEVELOPMENT_TEAM = STDTT6CHY7;
				ENABLE_PREVIEWS = YES;
				INFOPLIST_FILE = "Habit-Tracking/Info.plist";
				LD_RUNPATH_SEARCH_PATHS = (
					"$(inherited)",
					"@executable_path/Frameworks",
				);
				PRODUCT_BUNDLE_IDENTIFIER = "com.adzguy.Habit-Tracking";
				PRODUCT_NAME = "$(TARGET_NAME)";
				SWIFT_VERSION = 5.0;
				TARGETED_DEVICE_FAMILY = "1,2";
			};
			name = Debug;
		};
		253025CC23BEC60900160C80 /* Release */ = {
			isa = XCBuildConfiguration;
			buildSettings = {
				ASSETCATALOG_COMPILER_APPICON_NAME = AppIcon;
				CODE_SIGN_STYLE = Automatic;
				DEVELOPMENT_ASSET_PATHS = "\"Habit-Tracking/Preview Content\"";
				DEVELOPMENT_TEAM = STDTT6CHY7;
				ENABLE_PREVIEWS = YES;
				INFOPLIST_FILE = "Habit-Tracking/Info.plist";
				LD_RUNPATH_SEARCH_PATHS = (
					"$(inherited)",
					"@executable_path/Frameworks",
				);
				PRODUCT_BUNDLE_IDENTIFIER = "com.adzguy.Habit-Tracking";
				PRODUCT_NAME = "$(TARGET_NAME)";
				SWIFT_VERSION = 5.0;
				TARGETED_DEVICE_FAMILY = "1,2";
			};
			name = Release;
		};
/* End XCBuildConfiguration section */

/* Begin XCConfigurationList section */
		253025B123BEC60600160C80 /* Build configuration list for PBXProject "Habit-Tracking" */ = {
			isa = XCConfigurationList;
			buildConfigurations = (
				253025C823BEC60900160C80 /* Debug */,
				253025C923BEC60900160C80 /* Release */,
			);
			defaultConfigurationIsVisible = 0;
			defaultConfigurationName = Release;
		};
		253025CA23BEC60900160C80 /* Build configuration list for PBXNativeTarget "Habit-Tracking" */ = {
			isa = XCConfigurationList;
			buildConfigurations = (
				253025CB23BEC60900160C80 /* Debug */,
				253025CC23BEC60900160C80 /* Release */,
			);
			defaultConfigurationIsVisible = 0;
			defaultConfigurationName = Release;
		};
/* End XCConfigurationList section */
	};
	rootObject = 253025AE23BEC60600160C80 /* Project object */;
}
